// !$*UTF8*$!
{
	archiveVersion = 1;
	classes = {
	};
	objectVersion = 46;
	objects = {

/* Begin PBXBuildFile section */
		8829728C1E3683F500398475 /* main.m in Sources */ = {isa = PBXBuildFile; fileRef = 8829728B1E3683F500398475 /* main.m */; };
		8829728F1E3683F500398475 /* AppDelegate.m in Sources */ = {isa = PBXBuildFile; fileRef = 8829728E1E3683F500398475 /* AppDelegate.m */; };
		882972921E3683F500398475 /* ViewController.m in Sources */ = {isa = PBXBuildFile; fileRef = 882972911E3683F500398475 /* ViewController.m */; };
		882972951E3683F500398475 /* Main.storyboard in Resources */ = {isa = PBXBuildFile; fileRef = 882972931E3683F500398475 /* Main.storyboard */; };
		882972971E3683F500398475 /* Assets.xcassets in Resources */ = {isa = PBXBuildFile; fileRef = 882972961E3683F500398475 /* Assets.xcassets */; };
		8829729A1E3683F500398475 /* LaunchScreen.storyboard in Resources */ = {isa = PBXBuildFile; fileRef = 882972981E3683F500398475 /* LaunchScreen.storyboard */; };
		882972AC1E36943600398475 /* MovieCell.m in Sources */ = {isa = PBXBuildFile; fileRef = 882972AB1E36943600398475 /* MovieCell.m */; };
		882972B11E36AEE800398475 /* MovieModel.m in Sources */ = {isa = PBXBuildFile; fileRef = 882972B01E36AEE800398475 /* MovieModel.m */; };
		882972B61E37D2FA00398475 /* DetailsViewController.m in Sources */ = {isa = PBXBuildFile; fileRef = 882972B51E37D2FA00398475 /* DetailsViewController.m */; };
		88D413370DED09850BF7CFC3 /* libPods-Flicks.a in Frameworks */ = {isa = PBXBuildFile; fileRef = E52E62B47B7398E32B0CBB77 /* libPods-Flicks.a */; };
/* End PBXBuildFile section */

/* Begin PBXFileReference section */
		50404FEBCE1A142C5FB9EC34 /* Pods-Flicks.release.xcconfig */ = {isa = PBXFileReference; includeInIndex = 1; lastKnownFileType = text.xcconfig; name = "Pods-Flicks.release.xcconfig"; path = "Pods/Target Support Files/Pods-Flicks/Pods-Flicks.release.xcconfig"; sourceTree = "<group>"; };
		882972871E3683F500398475 /* Flicks.app */ = {isa = PBXFileReference; explicitFileType = wrapper.application; includeInIndex = 0; path = Flicks.app; sourceTree = BUILT_PRODUCTS_DIR; };
		8829728B1E3683F500398475 /* main.m */ = {isa = PBXFileReference; lastKnownFileType = sourcecode.c.objc; path = main.m; sourceTree = "<group>"; };
		8829728D1E3683F500398475 /* AppDelegate.h */ = {isa = PBXFileReference; lastKnownFileType = sourcecode.c.h; path = AppDelegate.h; sourceTree = "<group>"; };
		8829728E1E3683F500398475 /* AppDelegate.m */ = {isa = PBXFileReference; lastKnownFileType = sourcecode.c.objc; path = AppDelegate.m; sourceTree = "<group>"; };
		882972901E3683F500398475 /* ViewController.h */ = {isa = PBXFileReference; lastKnownFileType = sourcecode.c.h; path = ViewController.h; sourceTree = "<group>"; };
		882972911E3683F500398475 /* ViewController.m */ = {isa = PBXFileReference; lastKnownFileType = sourcecode.c.objc; path = ViewController.m; sourceTree = "<group>"; };
		882972941E3683F500398475 /* Base */ = {isa = PBXFileReference; lastKnownFileType = file.storyboard; name = Base; path = Base.lproj/Main.storyboard; sourceTree = "<group>"; };
		882972961E3683F500398475 /* Assets.xcassets */ = {isa = PBXFileReference; lastKnownFileType = folder.assetcatalog; path = Assets.xcassets; sourceTree = "<group>"; };
		882972991E3683F500398475 /* Base */ = {isa = PBXFileReference; lastKnownFileType = file.storyboard; name = Base; path = Base.lproj/LaunchScreen.storyboard; sourceTree = "<group>"; };
		8829729B1E3683F500398475 /* Info.plist */ = {isa = PBXFileReference; lastKnownFileType = text.plist.xml; path = Info.plist; sourceTree = "<group>"; };
		882972AA1E36943600398475 /* MovieCell.h */ = {isa = PBXFileReference; fileEncoding = 4; lastKnownFileType = sourcecode.c.h; path = MovieCell.h; sourceTree = "<group>"; };
		882972AB1E36943600398475 /* MovieCell.m */ = {isa = PBXFileReference; fileEncoding = 4; lastKnownFileType = sourcecode.c.objc; path = MovieCell.m; sourceTree = "<group>"; };
		882972AF1E36AEE800398475 /* MovieModel.h */ = {isa = PBXFileReference; fileEncoding = 4; lastKnownFileType = sourcecode.c.h; path = MovieModel.h; sourceTree = "<group>"; };
		882972B01E36AEE800398475 /* MovieModel.m */ = {isa = PBXFileReference; fileEncoding = 4; lastKnownFileType = sourcecode.c.objc; path = MovieModel.m; sourceTree = "<group>"; };
		882972B41E37D2FA00398475 /* DetailsViewController.h */ = {isa = PBXFileReference; fileEncoding = 4; lastKnownFileType = sourcecode.c.h; path = DetailsViewController.h; sourceTree = "<group>"; };
		882972B51E37D2FA00398475 /* DetailsViewController.m */ = {isa = PBXFileReference; fileEncoding = 4; lastKnownFileType = sourcecode.c.objc; path = DetailsViewController.m; sourceTree = "<group>"; };
		8D7642E7761F6381AC2AD1F3 /* Pods-Flicks.debug.xcconfig */ = {isa = PBXFileReference; includeInIndex = 1; lastKnownFileType = text.xcconfig; name = "Pods-Flicks.debug.xcconfig"; path = "Pods/Target Support Files/Pods-Flicks/Pods-Flicks.debug.xcconfig"; sourceTree = "<group>"; };
		E52E62B47B7398E32B0CBB77 /* libPods-Flicks.a */ = {isa = PBXFileReference; explicitFileType = archive.ar; includeInIndex = 0; path = "libPods-Flicks.a"; sourceTree = BUILT_PRODUCTS_DIR; };
/* End PBXFileReference section */

/* Begin PBXFrameworksBuildPhase section */
		882972841E3683F500398475 /* Frameworks */ = {
			isa = PBXFrameworksBuildPhase;
			buildActionMask = 2147483647;
			files = (
				88D413370DED09850BF7CFC3 /* libPods-Flicks.a in Frameworks */,
			);
			runOnlyForDeploymentPostprocessing = 0;
		};
/* End PBXFrameworksBuildPhase section */

/* Begin PBXGroup section */
		1F12003964B6D1C17F9AA3D2 /* Pods */ = {
			isa = PBXGroup;
			children = (
				8D7642E7761F6381AC2AD1F3 /* Pods-Flicks.debug.xcconfig */,
				50404FEBCE1A142C5FB9EC34 /* Pods-Flicks.release.xcconfig */,
			);
			name = Pods;
			sourceTree = "<group>";
		};
		3FFC949C12E2E1404F3CC518 /* Frameworks */ = {
			isa = PBXGroup;
			children = (
				E52E62B47B7398E32B0CBB77 /* libPods-Flicks.a */,
			);
			name = Frameworks;
			sourceTree = "<group>";
		};
		8829727E1E3683F500398475 = {
			isa = PBXGroup;
			children = (
				882972891E3683F500398475 /* Flicks */,
				882972881E3683F500398475 /* Products */,
				1F12003964B6D1C17F9AA3D2 /* Pods */,
				3FFC949C12E2E1404F3CC518 /* Frameworks */,
			);
			sourceTree = "<group>";
		};
		882972881E3683F500398475 /* Products */ = {
			isa = PBXGroup;
			children = (
				882972871E3683F500398475 /* Flicks.app */,
			);
			name = Products;
			sourceTree = "<group>";
		};
		882972891E3683F500398475 /* Flicks */ = {
			isa = PBXGroup;
			children = (
				8829728D1E3683F500398475 /* AppDelegate.h */,
				8829728E1E3683F500398475 /* AppDelegate.m */,
				882972901E3683F500398475 /* ViewController.h */,
				882972911E3683F500398475 /* ViewController.m */,
				882972931E3683F500398475 /* Main.storyboard */,
				882972B41E37D2FA00398475 /* DetailsViewController.h */,
				882972B51E37D2FA00398475 /* DetailsViewController.m */,
				882972961E3683F500398475 /* Assets.xcassets */,
				882972981E3683F500398475 /* LaunchScreen.storyboard */,
				8829729B1E3683F500398475 /* Info.plist */,
				8829728A1E3683F500398475 /* Supporting Files */,
				882972AA1E36943600398475 /* MovieCell.h */,
				882972AB1E36943600398475 /* MovieCell.m */,
				882972AF1E36AEE800398475 /* MovieModel.h */,
				882972B01E36AEE800398475 /* MovieModel.m */,
			);
			path = Flicks;
			sourceTree = "<group>";
		};
		8829728A1E3683F500398475 /* Supporting Files */ = {
			isa = PBXGroup;
			children = (
				8829728B1E3683F500398475 /* main.m */,
			);
			name = "Supporting Files";
			sourceTree = "<group>";
		};
/* End PBXGroup section */

/* Begin PBXNativeTarget section */
		882972861E3683F500398475 /* Flicks */ = {
			isa = PBXNativeTarget;
			buildConfigurationList = 8829729E1E3683F500398475 /* Build configuration list for PBXNativeTarget "Flicks" */;
			buildPhases = (
				464BD81D1A8026462A1F7A51 /* [CP] Check Pods Manifest.lock */,
				882972831E3683F500398475 /* Sources */,
				882972841E3683F500398475 /* Frameworks */,
				882972851E3683F500398475 /* Resources */,
				8D910D55D44A270239CA51F5 /* [CP] Embed Pods Frameworks */,
				5FF35B5D1E6E7E9211C91B37 /* [CP] Copy Pods Resources */,
			);
			buildRules = (
			);
			dependencies = (
			);
			name = Flicks;
			productName = Flicks;
			productReference = 882972871E3683F500398475 /* Flicks.app */;
			productType = "com.apple.product-type.application";
		};
/* End PBXNativeTarget section */

/* Begin PBXProject section */
		8829727F1E3683F500398475 /* Project object */ = {
			isa = PBXProject;
			attributes = {
				LastUpgradeCheck = 0820;
				ORGANIZATIONNAME = "Jeffrey Okamoto";
				TargetAttributes = {
					882972861E3683F500398475 = {
						CreatedOnToolsVersion = 8.2.1;
						ProvisioningStyle = Automatic;
					};
				};
			};
			buildConfigurationList = 882972821E3683F500398475 /* Build configuration list for PBXProject "Flicks" */;
			compatibilityVersion = "Xcode 3.2";
			developmentRegion = English;
			hasScannedForEncodings = 0;
			knownRegions = (
				en,
				Base,
			);
			mainGroup = 8829727E1E3683F500398475;
			productRefGroup = 882972881E3683F500398475 /* Products */;
			projectDirPath = "";
			projectRoot = "";
			targets = (
				882972861E3683F500398475 /* Flicks */,
			);
		};
/* End PBXProject section */

/* Begin PBXResourcesBuildPhase section */
		882972851E3683F500398475 /* Resources */ = {
			isa = PBXResourcesBuildPhase;
			buildActionMask = 2147483647;
			files = (
				8829729A1E3683F500398475 /* LaunchScreen.storyboard in Resources */,
				882972971E3683F500398475 /* Assets.xcassets in Resources */,
				882972951E3683F500398475 /* Main.storyboard in Resources */,
			);
			runOnlyForDeploymentPostprocessing = 0;
		};
/* End PBXResourcesBuildPhase section */

/* Begin PBXShellScriptBuildPhase section */
		464BD81D1A8026462A1F7A51 /* [CP] Check Pods Manifest.lock */ = {
			isa = PBXShellScriptBuildPhase;
			buildActionMask = 2147483647;
			files = (
			);
			inputPaths = (
			);
			name = "[CP] Check Pods Manifest.lock";
			outputPaths = (
			);
			runOnlyForDeploymentPostprocessing = 0;
			shellPath = /bin/sh;
			shellScript = "diff \"${PODS_ROOT}/../Podfile.lock\" \"${PODS_ROOT}/Manifest.lock\" > /dev/null\nif [ $? != 0 ] ; then\n    # print error to STDERR\n    echo \"error: The sandbox is not in sync with the Podfile.lock. Run 'pod install' or update your CocoaPods installation.\" >&2\n    exit 1\nfi\n";
			showEnvVarsInLog = 0;
		};
		5FF35B5D1E6E7E9211C91B37 /* [CP] Copy Pods Resources */ = {
			isa = PBXShellScriptBuildPhase;
			buildActionMask = 2147483647;
			files = (
			);
			inputPaths = (
			);
			name = "[CP] Copy Pods Resources";
			outputPaths = (
			);
			runOnlyForDeploymentPostprocessing = 0;
			shellPath = /bin/sh;
			shellScript = "\"${SRCROOT}/Pods/Target Support Files/Pods-Flicks/Pods-Flicks-resources.sh\"\n";
			showEnvVarsInLog = 0;
		};
		8D910D55D44A270239CA51F5 /* [CP] Embed Pods Frameworks */ = {
			isa = PBXShellScriptBuildPhase;
			buildActionMask = 2147483647;
			files = (
			);
			inputPaths = (
			);
			name = "[CP] Embed Pods Frameworks";
			outputPaths = (
			);
			runOnlyForDeploymentPostprocessing = 0;
			shellPath = /bin/sh;
			shellScript = "\"${SRCROOT}/Pods/Target Support Files/Pods-Flicks/Pods-Flicks-frameworks.sh\"\n";
			showEnvVarsInLog = 0;
		};
/* End PBXShellScriptBuildPhase section */

/* Begin PBXSourcesBuildPhase section */
		882972831E3683F500398475 /* Sources */ = {
			isa = PBXSourcesBuildPhase;
			buildActionMask = 2147483647;
			files = (
				882972921E3683F500398475 /* ViewController.m in Sources */,
				8829728F1E3683F500398475 /* AppDelegate.m in Sources */,
				882972AC1E36943600398475 /* MovieCell.m in Sources */,
				882972B61E37D2FA00398475 /* DetailsViewController.m in Sources */,
				882972B11E36AEE800398475 /* MovieModel.m in Sources */,
				8829728C1E3683F500398475 /* main.m in Sources */,
			);
			runOnlyForDeploymentPostprocessing = 0;
		};
/* End PBXSourcesBuildPhase section */

/* Begin PBXVariantGroup section */
		882972931E3683F500398475 /* Main.storyboard */ = {
			isa = PBXVariantGroup;
			children = (
				882972941E3683F500398475 /* Base */,
			);
			name = Main.storyboard;
			sourceTree = "<group>";
		};
		882972981E3683F500398475 /* LaunchScreen.storyboard */ = {
			isa = PBXVariantGroup;
			children = (
				882972991E3683F500398475 /* Base */,
			);
			name = LaunchScreen.storyboard;
			sourceTree = "<group>";
		};
/* End PBXVariantGroup section */

/* Begin XCBuildConfiguration section */
		8829729C1E3683F500398475 /* Debug */ = {
			isa = XCBuildConfiguration;
			buildSettings = {
				ALWAYS_SEARCH_USER_PATHS = NO;
				CLANG_ANALYZER_NONNULL = YES;
				CLANG_CXX_LANGUAGE_STANDARD = "gnu++0x";
				CLANG_CXX_LIBRARY = "libc++";
				CLANG_ENABLE_MODULES = YES;
				CLANG_ENABLE_OBJC_ARC = YES;
				CLANG_WARN_BOOL_CONVERSION = YES;
				CLANG_WARN_CONSTANT_CONVERSION = YES;
				CLANG_WARN_DIRECT_OBJC_ISA_USAGE = YES_ERROR;
				CLANG_WARN_DOCUMENTATION_COMMENTS = YES;
				CLANG_WARN_EMPTY_BODY = YES;
				CLANG_WARN_ENUM_CONVERSION = YES;
				CLANG_WARN_INFINITE_RECURSION = YES;
				CLANG_WARN_INT_CONVERSION = YES;
				CLANG_WARN_OBJC_ROOT_CLASS = YES_ERROR;
				CLANG_WARN_SUSPICIOUS_MOVE = YES;
				CLANG_WARN_UNREACHABLE_CODE = YES;
				CLANG_WARN__DUPLICATE_METHOD_MATCH = YES;
				"CODE_SIGN_IDENTITY[sdk=iphoneos*]" = "iPhone Developer";
				COPY_PHASE_STRIP = NO;
				DEBUG_INFORMATION_FORMAT = dwarf;
				ENABLE_STRICT_OBJC_MSGSEND = YES;
				ENABLE_TESTABILITY = YES;
				GCC_C_LANGUAGE_STANDARD = gnu99;
				GCC_DYNAMIC_NO_PIC = NO;
				GCC_NO_COMMON_BLOCKS = YES;
				GCC_OPTIMIZATION_LEVEL = 0;
				GCC_PREPROCESSOR_DEFINITIONS = (
					"DEBUG=1",
					"$(inherited)",
				);
				GCC_WARN_64_TO_32_BIT_CONVERSION = YES;
				GCC_WARN_ABOUT_RETURN_TYPE = YES_ERROR;
				GCC_WARN_UNDECLARED_SELECTOR = YES;
				GCC_WARN_UNINITIALIZED_AUTOS = YES_AGGRESSIVE;
				GCC_WARN_UNUSED_FUNCTION = YES;
				GCC_WARN_UNUSED_VARIABLE = YES;
				IPHONEOS_DEPLOYMENT_TARGET = 10.2;
				MTL_ENABLE_DEBUG_INFO = YES;
				ONLY_ACTIVE_ARCH = YES;
				SDKROOT = iphoneos;
				TARGETED_DEVICE_FAMILY = "1,2";
			};
			name = Debug;
		};
		8829729D1E3683F500398475 /* Release */ = {
			isa = XCBuildConfiguration;
			buildSettings = {
				ALWAYS_SEARCH_USER_PATHS = NO;
				CLANG_ANALYZER_NONNULL = YES;
				CLANG_CXX_LANGUAGE_STANDARD = "gnu++0x";
				CLANG_CXX_LIBRARY = "libc++";
				CLANG_ENABLE_MODULES = YES;
				CLANG_ENABLE_OBJC_ARC = YES;
				CLANG_WARN_BOOL_CONVERSION = YES;
				CLANG_WARN_CONSTANT_CONVERSION = YES;
				CLANG_WARN_DIRECT_OBJC_ISA_USAGE = YES_ERROR;
				CLANG_WARN_DOCUMENTATION_COMMENTS = YES;
				CLANG_WARN_EMPTY_BODY = YES;
				CLANG_WARN_ENUM_CONVERSION = YES;
				CLANG_WARN_INFINITE_RECURSION = YES;
				CLANG_WARN_INT_CONVERSION = YES;
				CLANG_WARN_OBJC_ROOT_CLASS = YES_ERROR;
				CLANG_WARN_SUSPICIOUS_MOVE = YES;
				CLANG_WARN_UNREACHABLE_CODE = YES;
				CLANG_WARN__DUPLICATE_METHOD_MATCH = YES;
				"CODE_SIGN_IDENTITY[sdk=iphoneos*]" = "iPhone Developer";
				COPY_PHASE_STRIP = NO;
				DEBUG_INFORMATION_FORMAT = "dwarf-with-dsym";
				ENABLE_NS_ASSERTIONS = NO;
				ENABLE_STRICT_OBJC_MSGSEND = YES;
				GCC_C_LANGUAGE_STANDARD = gnu99;
				GCC_NO_COMMON_BLOCKS = YES;
				GCC_WARN_64_TO_32_BIT_CONVERSION = YES;
				GCC_WARN_ABOUT_RETURN_TYPE = YES_ERROR;
				GCC_WARN_UNDECLARED_SELECTOR = YES;
				GCC_WARN_UNINITIALIZED_AUTOS = YES_AGGRESSIVE;
				GCC_WARN_UNUSED_FUNCTION = YES;
				GCC_WARN_UNUSED_VARIABLE = YES;
				IPHONEOS_DEPLOYMENT_TARGET = 10.2;
				MTL_ENABLE_DEBUG_INFO = NO;
				SDKROOT = iphoneos;
				TARGETED_DEVICE_FAMILY = "1,2";
				VALIDATE_PRODUCT = YES;
			};
			name = Release;
		};
		8829729F1E3683F500398475 /* Debug */ = {
			isa = XCBuildConfiguration;
			baseConfigurationReference = 8D7642E7761F6381AC2AD1F3 /* Pods-Flicks.debug.xcconfig */;
			buildSettings = {
				ASSETCATALOG_COMPILER_APPICON_NAME = AppIcon;
				INFOPLIST_FILE = Flicks/Info.plist;
				LD_RUNPATH_SEARCH_PATHS = "$(inherited) @executable_path/Frameworks";
				PRODUCT_BUNDLE_IDENTIFIER = com.example.Flicks;
				PRODUCT_NAME = "$(TARGET_NAME)";
			};
			name = Debug;
		};
		882972A01E3683F500398475 /* Release */ = {
			isa = XCBuildConfiguration;
			baseConfigurationReference = 50404FEBCE1A142C5FB9EC34 /* Pods-Flicks.release.xcconfig */;
			buildSettings = {
				ASSETCATALOG_COMPILER_APPICON_NAME = AppIcon;
				INFOPLIST_FILE = Flicks/Info.plist;
				LD_RUNPATH_SEARCH_PATHS = "$(inherited) @executable_path/Frameworks";
				PRODUCT_BUNDLE_IDENTIFIER = com.example.Flicks;
				PRODUCT_NAME = "$(TARGET_NAME)";
			};
			name = Release;
		};
/* End XCBuildConfiguration section */

/* Begin XCConfigurationList section */
		882972821E3683F500398475 /* Build configuration list for PBXProject "Flicks" */ = {
			isa = XCConfigurationList;
			buildConfigurations = (
				8829729C1E3683F500398475 /* Debug */,
				8829729D1E3683F500398475 /* Release */,
			);
			defaultConfigurationIsVisible = 0;
			defaultConfigurationName = Release;
		};
		8829729E1E3683F500398475 /* Build configuration list for PBXNativeTarget "Flicks" */ = {
			isa = XCConfigurationList;
			buildConfigurations = (
				8829729F1E3683F500398475 /* Debug */,
				882972A01E3683F500398475 /* Release */,
			);
			defaultConfigurationIsVisible = 0;
			defaultConfigurationName = Release;
		};
/* End XCConfigurationList section */
	};
	rootObject = 8829727F1E3683F500398475 /* Project object */;
}
